
Microsoft Visual Studio Solution File, Format Version 12.00
# Visual Studio Version 16
VisualStudioVersion = 16.0.28803.156
MinimumVisualStudioVersion = 10.0.40219.1
Project("{FAE04EC0-301F-11D3-BF4B-00C04F79EFBC}") = "SA2HashFix", "SA2HashFix\SA2HashFix.csproj", "{4C9F9446-DB44-4E2F-BAFA-261982279738}"
EndProject
Global
	GlobalSection(SolutionConfigurationPlatforms) = preSolution
		Debug|Any CPU = Debug|Any CPU
		Release|Any CPU = Release|Any CPU
	EndGlobalSection
	GlobalSection(ProjectConfigurationPlatforms) = postSolution
		{4C9F9446-DB44-4E2F-BAFA-261982279738}.Debug|Any CPU.ActiveCfg = Debug|Any CPU
		{4C9F9446-DB44-4E2F-BAFA-261982279738}.Debug|Any CPU.Build.0 = Debug|Any CPU
		{4C9F9446-DB44-4E2F-BAFA-261982279738}.Release|Any CPU.ActiveCfg = Release|Any CPU
		{4C9F9446-DB44-4E2F-BAFA-261982279738}.Release|Any CPU.Build.0 = Release|Any CPU
	EndGlobalSection
	GlobalSection(SolutionProperties) = preSolution
		HideSolutionNode = FALSE
	EndGlobalSection
	GlobalSection(ExtensibilityGlobals) = postSolution
		SolutionGuid = {604B75B1-51B5-47D9-A94E-61D740BD47F3}
	EndGlobalSection
EndGlobal
